
Microsoft Visual Studio Solution File, Format Version 12.00
# Visual Studio Version 16
VisualStudioVersion = 16.0.33927.289
MinimumVisualStudioVersion = 10.0.40219.1
Project("{FAE04EC0-301F-11D3-BF4B-00C04F79EFBC}") = "CastlesAndCrusadesApp", "CastlesAndCrusadesApp.csproj", "{343EEA91-EA07-4053-8A62-B3E970580977}"
EndProject
Global
	GlobalSection(SolutionConfigurationPlatforms) = preSolution
		Debug|Any CPU = Debug|Any CPU
		Release|Any CPU = Release|Any CPU
	EndGlobalSection
	GlobalSection(ProjectConfigurationPlatforms) = postSolution
		{343EEA91-EA07-4053-8A62-B3E970580977}.Debug|Any CPU.ActiveCfg = Debug|Any CPU
		{343EEA91-EA07-4053-8A62-B3E970580977}.Debug|Any CPU.Build.0 = Debug|Any CPU
		{343EEA91-EA07-4053-8A62-B3E970580977}.Release|Any CPU.ActiveCfg = Release|Any CPU
		{343EEA91-EA07-4053-8A62-B3E970580977}.Release|Any CPU.Build.0 = Release|Any CPU
	EndGlobalSection
	GlobalSection(SolutionProperties) = preSolution
		HideSolutionNode = FALSE
	EndGlobalSection
	GlobalSection(ExtensibilityGlobals) = postSolution
		SolutionGuid = {C2A92D79-903E-4E22-94A0-8C22DC6964FF}
	EndGlobalSection
EndGlobal
